<?xml version="1.0" encoding="UTF-8" standalone="yes" ?>
<CodeBlocks_project_file>
	<FileVersion major="1" minor="6" />
	<Project>
		<Option title="AranDecouple_Test" />
		<Option pch_mode="2" />
		<Option compiler="gcc" />
		<Build>
			<Target title="Debug">
				<Option output="../../../Working/AranDecouple_Test_D" prefix_auto="1" extension_auto="1" />
				<Option working_dir="../../../Working" />
				<Option object_output="obj/Debug/" />
				<Option external_deps="../../../Working/libAranD.so;../../../Working/libAranMathD.so;../../../Working/libAranPhyD.so;../../../Working/libAranGlD.so;" />
				<Option type="1" />
				<Option compiler="gcc" />
				<Option parameters="/home/gbu/BipedTest.xml" />
				<Compiler>
					<Add option="-g" />
				</Compiler>
				<Linker>
					<Add directory="../Aran/bin/Debug" />
				</Linker>
			</Target>
			<Target title="Release">
				<Option output="bin/Release/AranDecouple_Test" prefix_auto="1" extension_auto="1" />
				<Option object_output="obj/Release/" />
				<Option type="1" />
				<Option compiler="gcc" />
				<Compiler>
					<Add option="-O2" />
				</Compiler>
				<Linker>
					<Add option="-s" />
				</Linker>
			</Target>
		</Build>
		<Compiler>
			<Add option="-pedantic" />
			<Add option="-Wall" />
			<Add option="-fopenmp" />
			<Add directory="../" />
			<Add directory="../Aran" />
			<Add directory="../AranGl" />
			<Add directory="../AranPhy" />
			<Add directory="../AranMath" />
			<Add directory="/usr/include/freetype2" />
		</Compiler>
		<Linker>
			<Add library="rt" />
			<Add library="SDL" />
			<Add library="freetype" />
			<Add library="IL" />
			<Add library="GL" />
			<Add library="GLU" />
			<Add library="ode" />
			<Add library="gomp" />
			<Add library="AranD" />
			<Add library="AranGlD" />
			<Add library="AranPhyD" />
			<Add library="AranMathD" />
			<Add directory="../../../Working" />
		</Linker>
		<Unit filename="Test2.cpp" />
		<Unit filename="Test2.h" />
		<Extensions>
			<code_completion />
			<debugger />
			<envvars />
		</Extensions>
	</Project>
</CodeBlocks_project_file>
