<?xml version="1.0" encoding="utf-8"?>
<Project ToolsVersion="4.0" xmlns="http://schemas.microsoft.com/developer/msbuild/2003">
  <ItemGroup>
    <Filter Include="Source Files">
      <UniqueIdentifier>{4FC737F1-C7A5-4376-A066-2A32D752A2FF}</UniqueIdentifier>
      <Extensions>cpp;c;cc;cxx;def;odl;idl;hpj;bat;asm;asmx</Extensions>
    </Filter>
  </ItemGroup>
  <ItemGroup>
    <ClCompile Include="AranDx9.cpp">
      <Filter>Source Files</Filter>
    </ClCompile>
    <ClCompile Include="AranDx9PCH.cpp">
      <Filter>Source Files</Filter>
    </ClCompile>
    <ClCompile Include="ArnAnim.cpp">
      <Filter>Source Files</Filter>
    </ClCompile>
    <ClCompile Include="ArnFile.cpp">
      <Filter>Source Files</Filter>
    </ClCompile>
    <ClCompile Include="ArnHierarchy.cpp">
      <Filter>Source Files</Filter>
    </ClCompile>
    <ClCompile Include="ArnMeshDx9.cpp">
      <Filter>Source Files</Filter>
    </ClCompile>
    <ClCompile Include="ArnNodeFactory.cpp">
      <Filter>Source Files</Filter>
    </ClCompile>
    <ClCompile Include="ArnSkeletonDx9.cpp">
      <Filter>Source Files</Filter>
    </ClCompile>
    <ClCompile Include="ArnSkinInfo.cpp">
      <Filter>Source Files</Filter>
    </ClCompile>
    <ClCompile Include="ArnTextureDx9.cpp">
      <Filter>Source Files</Filter>
    </ClCompile>
    <ClCompile Include="Character.cpp">
      <Filter>Source Files</Filter>
    </ClCompile>
    <ClCompile Include="CharacterAnimationCallback.cpp">
      <Filter>Source Files</Filter>
    </ClCompile>
    <ClCompile Include="CharacterInterface.cpp">
      <Filter>Source Files</Filter>
    </ClCompile>
    <ClCompile Include="dllmain.cpp">
      <Filter>Source Files</Filter>
    </ClCompile>
    <ClCompile Include="InputMan.cpp">
      <Filter>Source Files</Filter>
    </ClCompile>
    <ClCompile Include="LoiterCallback.cpp">
      <Filter>Source Files</Filter>
    </ClCompile>
    <ClCompile Include="ModelReader.cpp">
      <Filter>Source Files</Filter>
    </ClCompile>
    <ClCompile Include="ResourceMan.cpp">
      <Filter>Source Files</Filter>
    </ClCompile>
    <ClCompile Include="UndefinedCallback.cpp">
      <Filter>Source Files</Filter>
    </ClCompile>
    <ClCompile Include="VideoManDx9.cpp">
      <Filter>Source Files</Filter>
    </ClCompile>
    <ClCompile Include="WalkCallback.cpp">
      <Filter>Source Files</Filter>
    </ClCompile>
  </ItemGroup>
  <ItemGroup>
    <ClInclude Include="AranDx9.h" />
    <ClInclude Include="AranDx9PCH.h" />
    <ClInclude Include="ArnAnim.h" />
    <ClInclude Include="ArnFile.h" />
    <ClInclude Include="ArnHierarchy.h" />
    <ClInclude Include="ArnMeshDx9.h" />
    <ClInclude Include="ArnNodeFactory.h" />
    <ClInclude Include="ArnSceneGraphDx9.h" />
    <ClInclude Include="ArnSkeletonDx9.h" />
    <ClInclude Include="ArnSkinInfo.h" />
    <ClInclude Include="ArnTextureDx9.h" />
    <ClInclude Include="Character.h" />
    <ClInclude Include="CharacterAnimationCallback.h" />
    <ClInclude Include="CharacterInterface.h" />
    <ClInclude Include="InputMan.h" />
    <ClInclude Include="LoiterCallback.h" />
    <ClInclude Include="ModelDrawer.h" />
    <ClInclude Include="ModelReader.h" />
    <ClInclude Include="ResourceMan.h" />
    <ClInclude Include="StructsDx9.h" />
    <ClInclude Include="targetver.h" />
    <ClInclude Include="UndefinedCallback.h" />
    <ClInclude Include="VideoManDx9.h" />
    <ClInclude Include="WalkCallback.h" />
  </ItemGroup>
</Project>