<?xml version="1.0" encoding="utf-8"?>
<Project ToolsVersion="4.0" xmlns="http://schemas.microsoft.com/developer/msbuild/2003">
  <ItemGroup>
    <Filter Include="Source Files">
      <UniqueIdentifier>{4FC737F1-C7A5-4376-A066-2A32D752A2FF}</UniqueIdentifier>
      <Extensions>cpp;c;cc;cxx;def;odl;idl;hpj;bat;asm;asmx</Extensions>
    </Filter>
    <Filter Include="Header Files">
      <UniqueIdentifier>{b38d6b3e-9cdf-4ed8-99cb-a2e57e30d378}</UniqueIdentifier>
      <Extensions>*.h</Extensions>
    </Filter>
  </ItemGroup>
  <ItemGroup>
    <ClCompile Include="AranDx9.cpp">
      <Filter>Source Files</Filter>
    </ClCompile>
    <ClCompile Include="AranDx9PCH.cpp">
      <Filter>Source Files</Filter>
    </ClCompile>
    <ClCompile Include="ArnAnim.cpp">
      <Filter>Source Files</Filter>
    </ClCompile>
    <ClCompile Include="ArnFile.cpp">
      <Filter>Source Files</Filter>
    </ClCompile>
    <ClCompile Include="ArnHierarchy.cpp">
      <Filter>Source Files</Filter>
    </ClCompile>
    <ClCompile Include="ArnMeshDx9.cpp">
      <Filter>Source Files</Filter>
    </ClCompile>
    <ClCompile Include="ArnNodeFactory.cpp">
      <Filter>Source Files</Filter>
    </ClCompile>
    <ClCompile Include="ArnSkeletonDx9.cpp">
      <Filter>Source Files</Filter>
    </ClCompile>
    <ClCompile Include="ArnSkinInfo.cpp">
      <Filter>Source Files</Filter>
    </ClCompile>
    <ClCompile Include="ArnTextureDx9.cpp">
      <Filter>Source Files</Filter>
    </ClCompile>
    <ClCompile Include="Character.cpp">
      <Filter>Source Files</Filter>
    </ClCompile>
    <ClCompile Include="CharacterAnimationCallback.cpp">
      <Filter>Source Files</Filter>
    </ClCompile>
    <ClCompile Include="CharacterInterface.cpp">
      <Filter>Source Files</Filter>
    </ClCompile>
    <ClCompile Include="dllmain.cpp">
      <Filter>Source Files</Filter>
    </ClCompile>
    <ClCompile Include="InputMan.cpp">
      <Filter>Source Files</Filter>
    </ClCompile>
    <ClCompile Include="LoiterCallback.cpp">
      <Filter>Source Files</Filter>
    </ClCompile>
    <ClCompile Include="ModelReader.cpp">
      <Filter>Source Files</Filter>
    </ClCompile>
    <ClCompile Include="ResourceMan.cpp">
      <Filter>Source Files</Filter>
    </ClCompile>
    <ClCompile Include="UndefinedCallback.cpp">
      <Filter>Source Files</Filter>
    </ClCompile>
    <ClCompile Include="VideoManDx9.cpp">
      <Filter>Source Files</Filter>
    </ClCompile>
    <ClCompile Include="WalkCallback.cpp">
      <Filter>Source Files</Filter>
    </ClCompile>
  </ItemGroup>
  <ItemGroup>
    <ClInclude Include="AranDx9.h">
      <Filter>Header Files</Filter>
    </ClInclude>
    <ClInclude Include="WalkCallback.h">
      <Filter>Header Files</Filter>
    </ClInclude>
    <ClInclude Include="AranDx9PCH.h">
      <Filter>Header Files</Filter>
    </ClInclude>
    <ClInclude Include="ArnAnim.h">
      <Filter>Header Files</Filter>
    </ClInclude>
    <ClInclude Include="ArnFile.h">
      <Filter>Header Files</Filter>
    </ClInclude>
    <ClInclude Include="ArnHierarchy.h">
      <Filter>Header Files</Filter>
    </ClInclude>
    <ClInclude Include="ArnMeshDx9.h">
      <Filter>Header Files</Filter>
    </ClInclude>
    <ClInclude Include="ArnNodeFactory.h">
      <Filter>Header Files</Filter>
    </ClInclude>
    <ClInclude Include="ArnSceneGraphDx9.h">
      <Filter>Header Files</Filter>
    </ClInclude>
    <ClInclude Include="ArnSkeletonDx9.h">
      <Filter>Header Files</Filter>
    </ClInclude>
    <ClInclude Include="ArnSkinInfo.h">
      <Filter>Header Files</Filter>
    </ClInclude>
    <ClInclude Include="ArnTextureDx9.h">
      <Filter>Header Files</Filter>
    </ClInclude>
    <ClInclude Include="Character.h">
      <Filter>Header Files</Filter>
    </ClInclude>
    <ClInclude Include="CharacterAnimationCallback.h">
      <Filter>Header Files</Filter>
    </ClInclude>
    <ClInclude Include="CharacterInterface.h">
      <Filter>Header Files</Filter>
    </ClInclude>
    <ClInclude Include="InputMan.h">
      <Filter>Header Files</Filter>
    </ClInclude>
    <ClInclude Include="LoiterCallback.h">
      <Filter>Header Files</Filter>
    </ClInclude>
    <ClInclude Include="ModelDrawer.h">
      <Filter>Header Files</Filter>
    </ClInclude>
    <ClInclude Include="ModelReader.h">
      <Filter>Header Files</Filter>
    </ClInclude>
    <ClInclude Include="ResourceMan.h">
      <Filter>Header Files</Filter>
    </ClInclude>
    <ClInclude Include="StructsDx9.h">
      <Filter>Header Files</Filter>
    </ClInclude>
    <ClInclude Include="targetver.h">
      <Filter>Header Files</Filter>
    </ClInclude>
    <ClInclude Include="UndefinedCallback.h">
      <Filter>Header Files</Filter>
    </ClInclude>
    <ClInclude Include="VideoManDx9.h">
      <Filter>Header Files</Filter>
    </ClInclude>
  </ItemGroup>
</Project>