<?xml version="1.0" encoding="utf-8"?>
<Project ToolsVersion="4.0" xmlns="http://schemas.microsoft.com/developer/msbuild/2003">
  <ItemGroup>
    <Filter Include="Arn">
      <UniqueIdentifier>{45e2b917-bc73-45ed-90fb-0778c4a90f9d}</UniqueIdentifier>
    </Filter>
    <Filter Include="Headers only">
      <UniqueIdentifier>{6dc3d1ce-3ee5-4cf1-84ef-a4f7173934e6}</UniqueIdentifier>
    </Filter>
    <Filter Include="Misc">
      <UniqueIdentifier>{2e86574a-412c-4df0-ae41-8af03b2aa41a}</UniqueIdentifier>
    </Filter>
    <Filter Include="Shader">
      <UniqueIdentifier>{c26e892d-f65f-40ea-b9fa-b9da7c636c67}</UniqueIdentifier>
    </Filter>
    <Filter Include="Sources &amp; Headers">
      <UniqueIdentifier>{796698f9-2086-4202-8d18-efc1a06f1219}</UniqueIdentifier>
    </Filter>
  </ItemGroup>
  <ItemGroup>
    <ResourceCompile Include="Aran.rc">
      <Filter>Misc</Filter>
    </ResourceCompile>
  </ItemGroup>
  <ItemGroup>
    <None Include="..\Shaders\basic.fx">
      <Filter>Shader</Filter>
    </None>
    <None Include="..\Shaders\vertBlendDynamic.fx">
      <Filter>Shader</Filter>
    </None>
    <None Include="..\Shaders\vertBlendStatic.fx">
      <Filter>Shader</Filter>
    </None>
    <None Include="ArnGenericBuffer.inl">
      <Filter>Arn</Filter>
    </None>
    <None Include="ArnMesh.inl">
      <Filter>Arn</Filter>
    </None>
    <None Include="ArnNode.inl">
      <Filter>Arn</Filter>
    </None>
    <None Include="ArnSceneGraph.inl">
      <Filter>Arn</Filter>
    </None>
    <None Include="ArnXformable.inl">
      <Filter>Arn</Filter>
    </None>
    <None Include="CopyResourcesToWorking.bat">
      <Filter>Misc</Filter>
    </None>
    <None Include="icon1.ico">
      <Filter>Misc</Filter>
    </None>
    <None Include="PreciseTimer.inl">
      <Filter>Sources &amp; Headers</Filter>
    </None>
    <None Include="readme.txt">
      <Filter>Misc</Filter>
    </None>
    <None Include="VTune\Aran.vpj" />
  </ItemGroup>
  <ItemGroup>
    <ClCompile Include="Animation.cpp">
      <Filter>Sources &amp; Headers</Filter>
    </ClCompile>
    <ClCompile Include="AranApi.cpp">
      <Filter>Sources &amp; Headers</Filter>
    </ClCompile>
    <ClCompile Include="AranPCH.cpp">
      <Filter>Sources &amp; Headers</Filter>
    </ClCompile>
    <ClCompile Include="ArnAction.cpp">
      <Filter>Arn</Filter>
    </ClCompile>
    <ClCompile Include="ArnAnimationController.cpp">
      <Filter>Arn</Filter>
    </ClCompile>
    <ClCompile Include="ArnBinaryChunk.cpp">
      <Filter>Arn</Filter>
    </ClCompile>
    <ClCompile Include="ArnBone.cpp">
      <Filter>Arn</Filter>
    </ClCompile>
    <ClCompile Include="ArnCamera.cpp">
      <Filter>Arn</Filter>
    </ClCompile>
    <ClCompile Include="ArnContainer.cpp">
      <Filter>Arn</Filter>
    </ClCompile>
    <ClCompile Include="ArnGenericBuffer.cpp">
      <Filter>Arn</Filter>
    </ClCompile>
    <ClCompile Include="ArnIndexBuffer.cpp">
      <Filter>Arn</Filter>
    </ClCompile>
    <ClCompile Include="ArnIpo.cpp">
      <Filter>Arn</Filter>
    </ClCompile>
    <ClCompile Include="ArnJoint.cpp" />
    <ClCompile Include="ArnLight.cpp">
      <Filter>Arn</Filter>
    </ClCompile>
    <ClCompile Include="ArnMaterial.cpp">
      <Filter>Arn</Filter>
    </ClCompile>
    <ClCompile Include="ArnMesh.cpp">
      <Filter>Arn</Filter>
    </ClCompile>
    <ClCompile Include="ArnNode.cpp">
      <Filter>Arn</Filter>
    </ClCompile>
    <ClCompile Include="ArnObject.cpp">
      <Filter>Arn</Filter>
    </ClCompile>
    <ClCompile Include="ArnRenderableObject.cpp">
      <Filter>Arn</Filter>
    </ClCompile>
    <ClCompile Include="ArnSceneGraph.cpp">
      <Filter>Arn</Filter>
    </ClCompile>
    <ClCompile Include="ArnSkeleton.cpp">
      <Filter>Arn</Filter>
    </ClCompile>
    <ClCompile Include="ArnTexture.cpp">
      <Filter>Arn</Filter>
    </ClCompile>
    <ClCompile Include="ArnVertexBuffer.cpp">
      <Filter>Arn</Filter>
    </ClCompile>
    <ClCompile Include="ArnXformable.cpp">
      <Filter>Arn</Filter>
    </ClCompile>
    <ClCompile Include="ArnXmlLoader.cpp">
      <Filter>Arn</Filter>
    </ClCompile>
    <ClCompile Include="BwWin32Timer.cpp" />
    <ClCompile Include="DungeonInterface.cpp">
      <Filter>Sources &amp; Headers</Filter>
    </ClCompile>
    <ClCompile Include="Log.cpp">
      <Filter>Sources &amp; Headers</Filter>
    </ClCompile>
    <ClCompile Include="MyError.cpp">
      <Filter>Sources &amp; Headers</Filter>
    </ClCompile>
    <ClCompile Include="PreciseTimer.cpp">
      <Filter>Sources &amp; Headers</Filter>
    </ClCompile>
    <ClCompile Include="Renderer.cpp">
      <Filter>Sources &amp; Headers</Filter>
    </ClCompile>
    <ClCompile Include="RenderLayer.cpp">
      <Filter>Sources &amp; Headers</Filter>
    </ClCompile>
    <ClCompile Include="VideoMan.cpp">
      <Filter>Sources &amp; Headers</Filter>
    </ClCompile>
  </ItemGroup>
  <ItemGroup>
    <ClInclude Include="..\ArnCommonTypes.h">
      <Filter>Headers only</Filter>
    </ClInclude>
    <ClInclude Include="..\Macros.h">
      <Filter>Headers only</Filter>
    </ClInclude>
    <ClInclude Include="Animation.h">
      <Filter>Sources &amp; Headers</Filter>
    </ClInclude>
    <ClInclude Include="AranApi.h">
      <Filter>Sources &amp; Headers</Filter>
    </ClInclude>
    <ClInclude Include="AranPCH.h">
      <Filter>Sources &amp; Headers</Filter>
    </ClInclude>
    <ClInclude Include="ArnAction.h">
      <Filter>Arn</Filter>
    </ClInclude>
    <ClInclude Include="ArnAnimationController.h">
      <Filter>Arn</Filter>
    </ClInclude>
    <ClInclude Include="ArnBinaryChunk.h">
      <Filter>Arn</Filter>
    </ClInclude>
    <ClInclude Include="ArnBone.h">
      <Filter>Arn</Filter>
    </ClInclude>
    <ClInclude Include="ArnCamera.h">
      <Filter>Arn</Filter>
    </ClInclude>
    <ClInclude Include="ArnContainer.h">
      <Filter>Arn</Filter>
    </ClInclude>
    <ClInclude Include="ArnGenericBuffer.h">
      <Filter>Arn</Filter>
    </ClInclude>
    <ClInclude Include="ArnIndexBuffer.h">
      <Filter>Arn</Filter>
    </ClInclude>
    <ClInclude Include="ArnIpo.h">
      <Filter>Arn</Filter>
    </ClInclude>
    <ClInclude Include="ArnJoint.h" />
    <ClInclude Include="ArnLight.h">
      <Filter>Arn</Filter>
    </ClInclude>
    <ClInclude Include="ArnMaterial.h">
      <Filter>Arn</Filter>
    </ClInclude>
    <ClInclude Include="ArnMesh.h">
      <Filter>Arn</Filter>
    </ClInclude>
    <ClInclude Include="ArnNode.h">
      <Filter>Arn</Filter>
    </ClInclude>
    <ClInclude Include="ArnObject.h">
      <Filter>Arn</Filter>
    </ClInclude>
    <ClInclude Include="ArnRenderableObject.h">
      <Filter>Arn</Filter>
    </ClInclude>
    <ClInclude Include="ArnSceneGraph.h">
      <Filter>Arn</Filter>
    </ClInclude>
    <ClInclude Include="ArnSkeleton.h">
      <Filter>Arn</Filter>
    </ClInclude>
    <ClInclude Include="ArnTexture.h">
      <Filter>Arn</Filter>
    </ClInclude>
    <ClInclude Include="ArnVertexBuffer.h">
      <Filter>Arn</Filter>
    </ClInclude>
    <ClInclude Include="ArnXformable.h">
      <Filter>Arn</Filter>
    </ClInclude>
    <ClInclude Include="ArnXmlLoader.h">
      <Filter>Arn</Filter>
    </ClInclude>
    <ClInclude Include="BwWin32Timer.h" />
    <ClInclude Include="doxygen_main.h" />
    <ClInclude Include="DungeonInterface.h">
      <Filter>Sources &amp; Headers</Filter>
    </ClInclude>
    <ClInclude Include="glext.h">
      <Filter>Headers only</Filter>
    </ClInclude>
    <ClInclude Include="Log.h">
      <Filter>Sources &amp; Headers</Filter>
    </ClInclude>
    <ClInclude Include="MyError.h">
      <Filter>Sources &amp; Headers</Filter>
    </ClInclude>
    <ClInclude Include="PreciseTimer.h">
      <Filter>Sources &amp; Headers</Filter>
    </ClInclude>
    <ClInclude Include="Renderer.h">
      <Filter>Sources &amp; Headers</Filter>
    </ClInclude>
    <ClInclude Include="RenderLayer.h">
      <Filter>Sources &amp; Headers</Filter>
    </ClInclude>
    <ClInclude Include="resource.h">
      <Filter>Headers only</Filter>
    </ClInclude>
    <ClInclude Include="Singleton.h">
      <Filter>Sources &amp; Headers</Filter>
    </ClInclude>
    <ClInclude Include="Structs.h">
      <Filter>Headers only</Filter>
    </ClInclude>
    <ClInclude Include="VideoMan.h">
      <Filter>Sources &amp; Headers</Filter>
    </ClInclude>
  </ItemGroup>
</Project>