<?xml version="1.0" encoding="UTF-8" standalone="yes" ?>
<CodeBlocks_project_file>
	<FileVersion major="1" minor="6" />
	<Project>
		<Option title="Aran" />
		<Option pch_mode="2" />
		<Option compiler="gcc" />
		<Build>
			<Target title="Debug">
				<Option output="../../../Working/libAranD" prefix_auto="1" extension_auto="1" />
				<Option working_dir="bin/Debug" />
				<Option object_output="obj/Debug/" />
				<Option type="3" />
				<Option compiler="gcc" />
				<Option createDefFile="1" />
				<Option createStaticLib="1" />
				<Compiler>
					<Add option="-g" />
				</Compiler>
			</Target>
			<Target title="Release">
				<Option output="bin/Release/AranCB" prefix_auto="1" extension_auto="1" />
				<Option object_output="obj/Release/" />
				<Option type="1" />
				<Option compiler="gcc" />
				<Compiler>
					<Add option="-O2" />
				</Compiler>
				<Linker>
					<Add option="-s" />
				</Linker>
			</Target>
		</Build>
		<Compiler>
			<Add option="-pedantic-errors" />
			<Add option="-pedantic" />
			<Add option="-std=c++0x" />
			<Add option="-Wall" />
			<Add option="-fPIC" />
			<Add directory="../" />
			<Add directory="../AranMath" />
			<Add directory="../../../tinyxml_2_5_3" />
		</Compiler>
		<Linker>
			<Add library="tinyxml_2_5_3" />
			<Add directory="../../../tinyxml_2_5_3" />
		</Linker>
		<Unit filename="Animation.cpp" />
		<Unit filename="Animation.h" />
		<Unit filename="AranApi.cpp" />
		<Unit filename="AranApi.h" />
		<Unit filename="AranPCH.cpp" />
		<Unit filename="AranPCH.h" />
		<Unit filename="ArnAction.cpp" />
		<Unit filename="ArnAction.h" />
		<Unit filename="ArnAnimationController.cpp" />
		<Unit filename="ArnAnimationController.h" />
		<Unit filename="ArnBinaryChunk.cpp" />
		<Unit filename="ArnBinaryChunk.h" />
		<Unit filename="ArnBone.cpp" />
		<Unit filename="ArnBone.h" />
		<Unit filename="ArnCamera.cpp" />
		<Unit filename="ArnCamera.h" />
		<Unit filename="ArnContainer.cpp" />
		<Unit filename="ArnContainer.h" />
		<Unit filename="ArnGenericBuffer.cpp" />
		<Unit filename="ArnGenericBuffer.h" />
		<Unit filename="ArnGlExtEntry.h" />
		<Unit filename="ArnIndexBuffer.cpp" />
		<Unit filename="ArnIndexBuffer.h" />
		<Unit filename="ArnIpo.cpp" />
		<Unit filename="ArnIpo.h" />
		<Unit filename="ArnJoint.cpp" />
		<Unit filename="ArnJoint.h" />
		<Unit filename="ArnLight.cpp" />
		<Unit filename="ArnLight.h" />
		<Unit filename="ArnMaterial.cpp" />
		<Unit filename="ArnMaterial.h" />
		<Unit filename="ArnMesh.cpp" />
		<Unit filename="ArnMesh.h" />
		<Unit filename="ArnNode.cpp" />
		<Unit filename="ArnNode.h" />
		<Unit filename="ArnObject.cpp" />
		<Unit filename="ArnObject.h" />
		<Unit filename="ArnRenderableObject.cpp" />
		<Unit filename="ArnRenderableObject.h" />
		<Unit filename="ArnSceneGraph.cpp" />
		<Unit filename="ArnSceneGraph.h" />
		<Unit filename="ArnSkeleton.cpp" />
		<Unit filename="ArnSkeleton.h" />
		<Unit filename="ArnTexture.cpp" />
		<Unit filename="ArnTexture.h" />
		<Unit filename="ArnVertexBuffer.cpp" />
		<Unit filename="ArnVertexBuffer.h" />
		<Unit filename="ArnXformable.cpp" />
		<Unit filename="ArnXformable.h" />
		<Unit filename="ArnXmlLoader.cpp" />
		<Unit filename="ArnXmlLoader.h" />
		<Unit filename="BwWin32Timer.cpp" />
		<Unit filename="BwWin32Timer.h" />
		<Unit filename="DefaultRenderLayer.h" />
		<Unit filename="DungeonInterface.cpp" />
		<Unit filename="DungeonInterface.h" />
		<Unit filename="Log.cpp" />
		<Unit filename="Log.h" />
		<Unit filename="MyError.cpp" />
		<Unit filename="MyError.h" />
		<Unit filename="PreciseTimer.cpp" />
		<Unit filename="PreciseTimer.h" />
		<Unit filename="RenderLayer.cpp" />
		<Unit filename="RenderLayer.h" />
		<Unit filename="Renderer.cpp" />
		<Unit filename="Renderer.h" />
		<Unit filename="Singleton.h" />
		<Unit filename="Structs.h" />
		<Unit filename="VideoMan.cpp" />
		<Unit filename="VideoMan.h" />
		<Unit filename="doxygen_main.h" />
		<Unit filename="inotify-cxx.cpp" />
		<Unit filename="inotify-cxx.h" />
		<Unit filename="resource.h" />
		<Unit filename="version.h" />
		<Extensions>
			<code_completion />
			<envvars />
			<AutoVersioning>
				<Scheme minor_max="10" build_max="0" rev_max="0" rev_rand_max="10" build_times_to_increment_minor="100" />
				<Settings autoincrement="1" date_declarations="1" do_auto_increment="0" ask_to_increment="0" language="C++" svn="0" svn_directory="" header_path="version.h" />
				<Changes_Log show_changes_editor="0" app_title="released version %M.%m.%b of %p" changeslog_path="ChangesLog.txt" />
				<Code header_guard="VERSION_H" namespace="AutoVersion" prefix="" />
			</AutoVersioning>
			<lib_finder disable_auto="1" />
			<debugger />
		</Extensions>
	</Project>
</CodeBlocks_project_file>
