
Microsoft Visual Studio Solution File, Format Version 9.00
# Visual Studio 2005
Project("{8BC9CEB8-8B4A-11D0-8D11-00A0C91BC942}") = "Aran", "Aran\Aran.2005.vcproj", "{8FD2D266-F50A-43DE-8DF8-EFACCE93F770}"
EndProject
Project("{8BC9CEB8-8B4A-11D0-8D11-00A0C91BC942}") = "kwxport", "kwxport\kwxport.2005.vcproj", "{28B57BE5-E17D-4480-8378-18EFACC74E18}"
EndProject
Project("{8BC9CEB8-8B4A-11D0-8D11-00A0C91BC942}") = "ModelEditor", "ModelEditor\ModelEditor.2005.vcproj", "{9481D72C-4598-4AE5-A982-A046EABC3F84}"
EndProject
Project("{8BC9CEB8-8B4A-11D0-8D11-00A0C91BC942}") = "ModelExporter", "ModelExporter\ModelExporter.2005.vcproj", "{29033CC9-13D2-46B8-B54F-D8A2BF2FD5D9}"
EndProject
Project("{8BC9CEB8-8B4A-11D0-8D11-00A0C91BC942}") = "Video", "Video\Video.vcproj", "{39DC6C58-98C4-46ED-B6A8-693A97E119AC}"
EndProject
Global
	GlobalSection(SolutionConfigurationPlatforms) = preSolution
		Debug|Win32 = Debug|Win32
		Release|Win32 = Release|Win32
	EndGlobalSection
	GlobalSection(ProjectConfigurationPlatforms) = postSolution
		{8FD2D266-F50A-43DE-8DF8-EFACCE93F770}.Debug|Win32.ActiveCfg = Debug|Win32
		{8FD2D266-F50A-43DE-8DF8-EFACCE93F770}.Debug|Win32.Build.0 = Debug|Win32
		{8FD2D266-F50A-43DE-8DF8-EFACCE93F770}.Release|Win32.ActiveCfg = Release|Win32
		{8FD2D266-F50A-43DE-8DF8-EFACCE93F770}.Release|Win32.Build.0 = Release|Win32
		{28B57BE5-E17D-4480-8378-18EFACC74E18}.Debug|Win32.ActiveCfg = Debug|Win32
		{28B57BE5-E17D-4480-8378-18EFACC74E18}.Debug|Win32.Build.0 = Debug|Win32
		{28B57BE5-E17D-4480-8378-18EFACC74E18}.Release|Win32.ActiveCfg = Release|Win32
		{28B57BE5-E17D-4480-8378-18EFACC74E18}.Release|Win32.Build.0 = Release|Win32
		{9481D72C-4598-4AE5-A982-A046EABC3F84}.Debug|Win32.ActiveCfg = Debug|Win32
		{9481D72C-4598-4AE5-A982-A046EABC3F84}.Debug|Win32.Build.0 = Debug|Win32
		{9481D72C-4598-4AE5-A982-A046EABC3F84}.Release|Win32.ActiveCfg = Release|Win32
		{9481D72C-4598-4AE5-A982-A046EABC3F84}.Release|Win32.Build.0 = Release|Win32
		{29033CC9-13D2-46B8-B54F-D8A2BF2FD5D9}.Debug|Win32.ActiveCfg = Debug|Win32
		{29033CC9-13D2-46B8-B54F-D8A2BF2FD5D9}.Debug|Win32.Build.0 = Debug|Win32
		{29033CC9-13D2-46B8-B54F-D8A2BF2FD5D9}.Release|Win32.ActiveCfg = Release|Win32
		{29033CC9-13D2-46B8-B54F-D8A2BF2FD5D9}.Release|Win32.Build.0 = Release|Win32
		{39DC6C58-98C4-46ED-B6A8-693A97E119AC}.Debug|Win32.ActiveCfg = Debug|Win32
		{39DC6C58-98C4-46ED-B6A8-693A97E119AC}.Debug|Win32.Build.0 = Debug|Win32
		{39DC6C58-98C4-46ED-B6A8-693A97E119AC}.Release|Win32.ActiveCfg = Release|Win32
		{39DC6C58-98C4-46ED-B6A8-693A97E119AC}.Release|Win32.Build.0 = Release|Win32
	EndGlobalSection
	GlobalSection(SolutionProperties) = preSolution
		HideSolutionNode = FALSE
	EndGlobalSection
EndGlobal
