
Microsoft Visual Studio Solution File, Format Version 10.00
# Visual Studio 2008
Project("{8BC9CEB8-8B4A-11D0-8D11-00A0C91BC942}") = "Aran", "Aran\Aran.2005.vcproj", "{8FD2D266-F50A-43DE-8DF8-EFACCE93F770}"
	ProjectSection(ProjectDependencies) = postProject
		{4A2C1E91-BC81-4CAC-B266-D62E7904D112} = {4A2C1E91-BC81-4CAC-B266-D62E7904D112}
	EndProjectSection
EndProject
Project("{8BC9CEB8-8B4A-11D0-8D11-00A0C91BC942}") = "AranDecouple_Test", "AranDecouple_Test\AranDecouple_Test.vcproj", "{4A0FDD1E-87DE-4444-8C48-F92B6D01EC89}"
	ProjectSection(ProjectDependencies) = postProject
		{8FD2D266-F50A-43DE-8DF8-EFACCE93F770} = {8FD2D266-F50A-43DE-8DF8-EFACCE93F770}
		{F1E30172-634A-467D-8CE7-C86B8603AD64} = {F1E30172-634A-467D-8CE7-C86B8603AD64}
		{4A2C1E91-BC81-4CAC-B266-D62E7904D112} = {4A2C1E91-BC81-4CAC-B266-D62E7904D112}
		{AEC44099-4FE2-471B-BD32-7B3DED5BFEE5} = {AEC44099-4FE2-471B-BD32-7B3DED5BFEE5}
	EndProjectSection
EndProject
Project("{8BC9CEB8-8B4A-11D0-8D11-00A0C91BC942}") = "AranMath", "AranMath\AranMath.vcproj", "{4A2C1E91-BC81-4CAC-B266-D62E7904D112}"
EndProject
Project("{8BC9CEB8-8B4A-11D0-8D11-00A0C91BC942}") = "AranPhy", "AranPhy\AranPhy.vcproj", "{AEC44099-4FE2-471B-BD32-7B3DED5BFEE5}"
	ProjectSection(ProjectDependencies) = postProject
		{8FD2D266-F50A-43DE-8DF8-EFACCE93F770} = {8FD2D266-F50A-43DE-8DF8-EFACCE93F770}
		{4A2C1E91-BC81-4CAC-B266-D62E7904D112} = {4A2C1E91-BC81-4CAC-B266-D62E7904D112}
	EndProjectSection
EndProject
Project("{8BC9CEB8-8B4A-11D0-8D11-00A0C91BC942}") = "AranDx9", "AranDx9\AranDx9.vcproj", "{6FDC9841-892E-41F0-A7B2-8D4CA5F8F7AD}"
	ProjectSection(ProjectDependencies) = postProject
		{8FD2D266-F50A-43DE-8DF8-EFACCE93F770} = {8FD2D266-F50A-43DE-8DF8-EFACCE93F770}
		{4A2C1E91-BC81-4CAC-B266-D62E7904D112} = {4A2C1E91-BC81-4CAC-B266-D62E7904D112}
		{AEC44099-4FE2-471B-BD32-7B3DED5BFEE5} = {AEC44099-4FE2-471B-BD32-7B3DED5BFEE5}
	EndProjectSection
EndProject
Project("{8BC9CEB8-8B4A-11D0-8D11-00A0C91BC942}") = "AranGl", "AranGl\AranGl.vcproj", "{F1E30172-634A-467D-8CE7-C86B8603AD64}"
	ProjectSection(ProjectDependencies) = postProject
		{8FD2D266-F50A-43DE-8DF8-EFACCE93F770} = {8FD2D266-F50A-43DE-8DF8-EFACCE93F770}
		{4A2C1E91-BC81-4CAC-B266-D62E7904D112} = {4A2C1E91-BC81-4CAC-B266-D62E7904D112}
	EndProjectSection
EndProject
Project("{8BC9CEB8-8B4A-11D0-8D11-00A0C91BC942}") = "AranPhy_Test", "AranPhy_Test\AranPhy_Test.vcproj", "{D9A032E3-B446-48C3-9670-929D26DA888D}"
	ProjectSection(ProjectDependencies) = postProject
		{8FD2D266-F50A-43DE-8DF8-EFACCE93F770} = {8FD2D266-F50A-43DE-8DF8-EFACCE93F770}
		{F1E30172-634A-467D-8CE7-C86B8603AD64} = {F1E30172-634A-467D-8CE7-C86B8603AD64}
		{4A2C1E91-BC81-4CAC-B266-D62E7904D112} = {4A2C1E91-BC81-4CAC-B266-D62E7904D112}
		{AEC44099-4FE2-471B-BD32-7B3DED5BFEE5} = {AEC44099-4FE2-471B-BD32-7B3DED5BFEE5}
	EndProjectSection
EndProject
Global
	GlobalSection(SolutionConfigurationPlatforms) = preSolution
		Debug|Win32 = Debug|Win32
		DebugDLL|Win32 = DebugDLL|Win32
		DebugDoubleDLL|Win32 = DebugDoubleDLL|Win32
		DebugDoubleLib|Win32 = DebugDoubleLib|Win32
		DebugSingleDLL|Win32 = DebugSingleDLL|Win32
		DebugSingleLib|Win32 = DebugSingleLib|Win32
		Release|Win32 = Release|Win32
		ReleaseDLL|Win32 = ReleaseDLL|Win32
		ReleaseDoubleDLL|Win32 = ReleaseDoubleDLL|Win32
		ReleaseDoubleLib|Win32 = ReleaseDoubleLib|Win32
		ReleaseSingleDLL|Win32 = ReleaseSingleDLL|Win32
		ReleaseSingleLib|Win32 = ReleaseSingleLib|Win32
	EndGlobalSection
	GlobalSection(ProjectConfigurationPlatforms) = postSolution
		{8FD2D266-F50A-43DE-8DF8-EFACCE93F770}.Debug|Win32.ActiveCfg = DebugDLL|Win32
		{8FD2D266-F50A-43DE-8DF8-EFACCE93F770}.Debug|Win32.Build.0 = DebugDLL|Win32
		{8FD2D266-F50A-43DE-8DF8-EFACCE93F770}.DebugDLL|Win32.ActiveCfg = DebugDLL|Win32
		{8FD2D266-F50A-43DE-8DF8-EFACCE93F770}.DebugDLL|Win32.Build.0 = DebugDLL|Win32
		{8FD2D266-F50A-43DE-8DF8-EFACCE93F770}.DebugDoubleDLL|Win32.ActiveCfg = DebugDLL|Win32
		{8FD2D266-F50A-43DE-8DF8-EFACCE93F770}.DebugDoubleDLL|Win32.Build.0 = DebugDLL|Win32
		{8FD2D266-F50A-43DE-8DF8-EFACCE93F770}.DebugDoubleLib|Win32.ActiveCfg = DebugDLL|Win32
		{8FD2D266-F50A-43DE-8DF8-EFACCE93F770}.DebugDoubleLib|Win32.Build.0 = DebugDLL|Win32
		{8FD2D266-F50A-43DE-8DF8-EFACCE93F770}.DebugSingleDLL|Win32.ActiveCfg = DebugDLL|Win32
		{8FD2D266-F50A-43DE-8DF8-EFACCE93F770}.DebugSingleDLL|Win32.Build.0 = DebugDLL|Win32
		{8FD2D266-F50A-43DE-8DF8-EFACCE93F770}.DebugSingleLib|Win32.ActiveCfg = DebugDLL|Win32
		{8FD2D266-F50A-43DE-8DF8-EFACCE93F770}.DebugSingleLib|Win32.Build.0 = DebugDLL|Win32
		{8FD2D266-F50A-43DE-8DF8-EFACCE93F770}.Release|Win32.ActiveCfg = ReleaseDLL|Win32
		{8FD2D266-F50A-43DE-8DF8-EFACCE93F770}.Release|Win32.Build.0 = ReleaseDLL|Win32
		{8FD2D266-F50A-43DE-8DF8-EFACCE93F770}.ReleaseDLL|Win32.ActiveCfg = ReleaseDLL|Win32
		{8FD2D266-F50A-43DE-8DF8-EFACCE93F770}.ReleaseDLL|Win32.Build.0 = ReleaseDLL|Win32
		{8FD2D266-F50A-43DE-8DF8-EFACCE93F770}.ReleaseDoubleDLL|Win32.ActiveCfg = ReleaseDLL|Win32
		{8FD2D266-F50A-43DE-8DF8-EFACCE93F770}.ReleaseDoubleDLL|Win32.Build.0 = ReleaseDLL|Win32
		{8FD2D266-F50A-43DE-8DF8-EFACCE93F770}.ReleaseDoubleLib|Win32.ActiveCfg = ReleaseDLL|Win32
		{8FD2D266-F50A-43DE-8DF8-EFACCE93F770}.ReleaseDoubleLib|Win32.Build.0 = ReleaseDLL|Win32
		{8FD2D266-F50A-43DE-8DF8-EFACCE93F770}.ReleaseSingleDLL|Win32.ActiveCfg = ReleaseDLL|Win32
		{8FD2D266-F50A-43DE-8DF8-EFACCE93F770}.ReleaseSingleDLL|Win32.Build.0 = ReleaseDLL|Win32
		{8FD2D266-F50A-43DE-8DF8-EFACCE93F770}.ReleaseSingleLib|Win32.ActiveCfg = ReleaseDLL|Win32
		{8FD2D266-F50A-43DE-8DF8-EFACCE93F770}.ReleaseSingleLib|Win32.Build.0 = ReleaseDLL|Win32
		{4A0FDD1E-87DE-4444-8C48-F92B6D01EC89}.Debug|Win32.ActiveCfg = Debug|Win32
		{4A0FDD1E-87DE-4444-8C48-F92B6D01EC89}.Debug|Win32.Build.0 = Debug|Win32
		{4A0FDD1E-87DE-4444-8C48-F92B6D01EC89}.DebugDLL|Win32.ActiveCfg = Debug|Win32
		{4A0FDD1E-87DE-4444-8C48-F92B6D01EC89}.DebugDLL|Win32.Build.0 = Debug|Win32
		{4A0FDD1E-87DE-4444-8C48-F92B6D01EC89}.DebugDoubleDLL|Win32.ActiveCfg = Debug|Win32
		{4A0FDD1E-87DE-4444-8C48-F92B6D01EC89}.DebugDoubleDLL|Win32.Build.0 = Debug|Win32
		{4A0FDD1E-87DE-4444-8C48-F92B6D01EC89}.DebugDoubleLib|Win32.ActiveCfg = Debug|Win32
		{4A0FDD1E-87DE-4444-8C48-F92B6D01EC89}.DebugDoubleLib|Win32.Build.0 = Debug|Win32
		{4A0FDD1E-87DE-4444-8C48-F92B6D01EC89}.DebugSingleDLL|Win32.ActiveCfg = Debug|Win32
		{4A0FDD1E-87DE-4444-8C48-F92B6D01EC89}.DebugSingleDLL|Win32.Build.0 = Debug|Win32
		{4A0FDD1E-87DE-4444-8C48-F92B6D01EC89}.DebugSingleLib|Win32.ActiveCfg = Debug|Win32
		{4A0FDD1E-87DE-4444-8C48-F92B6D01EC89}.DebugSingleLib|Win32.Build.0 = Debug|Win32
		{4A0FDD1E-87DE-4444-8C48-F92B6D01EC89}.Release|Win32.ActiveCfg = Release|Win32
		{4A0FDD1E-87DE-4444-8C48-F92B6D01EC89}.Release|Win32.Build.0 = Release|Win32
		{4A0FDD1E-87DE-4444-8C48-F92B6D01EC89}.ReleaseDLL|Win32.ActiveCfg = Release|Win32
		{4A0FDD1E-87DE-4444-8C48-F92B6D01EC89}.ReleaseDLL|Win32.Build.0 = Release|Win32
		{4A0FDD1E-87DE-4444-8C48-F92B6D01EC89}.ReleaseDoubleDLL|Win32.ActiveCfg = Release|Win32
		{4A0FDD1E-87DE-4444-8C48-F92B6D01EC89}.ReleaseDoubleDLL|Win32.Build.0 = Release|Win32
		{4A0FDD1E-87DE-4444-8C48-F92B6D01EC89}.ReleaseDoubleLib|Win32.ActiveCfg = Release|Win32
		{4A0FDD1E-87DE-4444-8C48-F92B6D01EC89}.ReleaseDoubleLib|Win32.Build.0 = Release|Win32
		{4A0FDD1E-87DE-4444-8C48-F92B6D01EC89}.ReleaseSingleDLL|Win32.ActiveCfg = Release|Win32
		{4A0FDD1E-87DE-4444-8C48-F92B6D01EC89}.ReleaseSingleDLL|Win32.Build.0 = Release|Win32
		{4A0FDD1E-87DE-4444-8C48-F92B6D01EC89}.ReleaseSingleLib|Win32.ActiveCfg = Release|Win32
		{4A0FDD1E-87DE-4444-8C48-F92B6D01EC89}.ReleaseSingleLib|Win32.Build.0 = Release|Win32
		{4A2C1E91-BC81-4CAC-B266-D62E7904D112}.Debug|Win32.ActiveCfg = DebugDLL|Win32
		{4A2C1E91-BC81-4CAC-B266-D62E7904D112}.Debug|Win32.Build.0 = DebugDLL|Win32
		{4A2C1E91-BC81-4CAC-B266-D62E7904D112}.DebugDLL|Win32.ActiveCfg = DebugDLL|Win32
		{4A2C1E91-BC81-4CAC-B266-D62E7904D112}.DebugDLL|Win32.Build.0 = DebugDLL|Win32
		{4A2C1E91-BC81-4CAC-B266-D62E7904D112}.DebugDoubleDLL|Win32.ActiveCfg = DebugDLL|Win32
		{4A2C1E91-BC81-4CAC-B266-D62E7904D112}.DebugDoubleDLL|Win32.Build.0 = DebugDLL|Win32
		{4A2C1E91-BC81-4CAC-B266-D62E7904D112}.DebugDoubleLib|Win32.ActiveCfg = DebugDLL|Win32
		{4A2C1E91-BC81-4CAC-B266-D62E7904D112}.DebugDoubleLib|Win32.Build.0 = DebugDLL|Win32
		{4A2C1E91-BC81-4CAC-B266-D62E7904D112}.DebugSingleDLL|Win32.ActiveCfg = DebugDLL|Win32
		{4A2C1E91-BC81-4CAC-B266-D62E7904D112}.DebugSingleDLL|Win32.Build.0 = DebugDLL|Win32
		{4A2C1E91-BC81-4CAC-B266-D62E7904D112}.DebugSingleLib|Win32.ActiveCfg = DebugDLL|Win32
		{4A2C1E91-BC81-4CAC-B266-D62E7904D112}.DebugSingleLib|Win32.Build.0 = DebugDLL|Win32
		{4A2C1E91-BC81-4CAC-B266-D62E7904D112}.Release|Win32.ActiveCfg = ReleaseDLL|Win32
		{4A2C1E91-BC81-4CAC-B266-D62E7904D112}.Release|Win32.Build.0 = ReleaseDLL|Win32
		{4A2C1E91-BC81-4CAC-B266-D62E7904D112}.ReleaseDLL|Win32.ActiveCfg = ReleaseDLL|Win32
		{4A2C1E91-BC81-4CAC-B266-D62E7904D112}.ReleaseDLL|Win32.Build.0 = ReleaseDLL|Win32
		{4A2C1E91-BC81-4CAC-B266-D62E7904D112}.ReleaseDoubleDLL|Win32.ActiveCfg = ReleaseDLL|Win32
		{4A2C1E91-BC81-4CAC-B266-D62E7904D112}.ReleaseDoubleDLL|Win32.Build.0 = ReleaseDLL|Win32
		{4A2C1E91-BC81-4CAC-B266-D62E7904D112}.ReleaseDoubleLib|Win32.ActiveCfg = ReleaseDLL|Win32
		{4A2C1E91-BC81-4CAC-B266-D62E7904D112}.ReleaseDoubleLib|Win32.Build.0 = ReleaseDLL|Win32
		{4A2C1E91-BC81-4CAC-B266-D62E7904D112}.ReleaseSingleDLL|Win32.ActiveCfg = ReleaseDLL|Win32
		{4A2C1E91-BC81-4CAC-B266-D62E7904D112}.ReleaseSingleDLL|Win32.Build.0 = ReleaseDLL|Win32
		{4A2C1E91-BC81-4CAC-B266-D62E7904D112}.ReleaseSingleLib|Win32.ActiveCfg = ReleaseDLL|Win32
		{4A2C1E91-BC81-4CAC-B266-D62E7904D112}.ReleaseSingleLib|Win32.Build.0 = ReleaseDLL|Win32
		{AEC44099-4FE2-471B-BD32-7B3DED5BFEE5}.Debug|Win32.ActiveCfg = DebugDLL|Win32
		{AEC44099-4FE2-471B-BD32-7B3DED5BFEE5}.Debug|Win32.Build.0 = DebugDLL|Win32
		{AEC44099-4FE2-471B-BD32-7B3DED5BFEE5}.DebugDLL|Win32.ActiveCfg = DebugDLL|Win32
		{AEC44099-4FE2-471B-BD32-7B3DED5BFEE5}.DebugDLL|Win32.Build.0 = DebugDLL|Win32
		{AEC44099-4FE2-471B-BD32-7B3DED5BFEE5}.DebugDoubleDLL|Win32.ActiveCfg = DebugDLL|Win32
		{AEC44099-4FE2-471B-BD32-7B3DED5BFEE5}.DebugDoubleDLL|Win32.Build.0 = DebugDLL|Win32
		{AEC44099-4FE2-471B-BD32-7B3DED5BFEE5}.DebugDoubleLib|Win32.ActiveCfg = DebugDLL|Win32
		{AEC44099-4FE2-471B-BD32-7B3DED5BFEE5}.DebugDoubleLib|Win32.Build.0 = DebugDLL|Win32
		{AEC44099-4FE2-471B-BD32-7B3DED5BFEE5}.DebugSingleDLL|Win32.ActiveCfg = DebugDLL|Win32
		{AEC44099-4FE2-471B-BD32-7B3DED5BFEE5}.DebugSingleDLL|Win32.Build.0 = DebugDLL|Win32
		{AEC44099-4FE2-471B-BD32-7B3DED5BFEE5}.DebugSingleLib|Win32.ActiveCfg = DebugDLL|Win32
		{AEC44099-4FE2-471B-BD32-7B3DED5BFEE5}.DebugSingleLib|Win32.Build.0 = DebugDLL|Win32
		{AEC44099-4FE2-471B-BD32-7B3DED5BFEE5}.Release|Win32.ActiveCfg = ReleaseDLL|Win32
		{AEC44099-4FE2-471B-BD32-7B3DED5BFEE5}.Release|Win32.Build.0 = ReleaseDLL|Win32
		{AEC44099-4FE2-471B-BD32-7B3DED5BFEE5}.ReleaseDLL|Win32.ActiveCfg = ReleaseDLL|Win32
		{AEC44099-4FE2-471B-BD32-7B3DED5BFEE5}.ReleaseDLL|Win32.Build.0 = ReleaseDLL|Win32
		{AEC44099-4FE2-471B-BD32-7B3DED5BFEE5}.ReleaseDoubleDLL|Win32.ActiveCfg = ReleaseDLL|Win32
		{AEC44099-4FE2-471B-BD32-7B3DED5BFEE5}.ReleaseDoubleDLL|Win32.Build.0 = ReleaseDLL|Win32
		{AEC44099-4FE2-471B-BD32-7B3DED5BFEE5}.ReleaseDoubleLib|Win32.ActiveCfg = ReleaseDLL|Win32
		{AEC44099-4FE2-471B-BD32-7B3DED5BFEE5}.ReleaseDoubleLib|Win32.Build.0 = ReleaseDLL|Win32
		{AEC44099-4FE2-471B-BD32-7B3DED5BFEE5}.ReleaseSingleDLL|Win32.ActiveCfg = ReleaseDLL|Win32
		{AEC44099-4FE2-471B-BD32-7B3DED5BFEE5}.ReleaseSingleDLL|Win32.Build.0 = ReleaseDLL|Win32
		{AEC44099-4FE2-471B-BD32-7B3DED5BFEE5}.ReleaseSingleLib|Win32.ActiveCfg = ReleaseDLL|Win32
		{AEC44099-4FE2-471B-BD32-7B3DED5BFEE5}.ReleaseSingleLib|Win32.Build.0 = ReleaseDLL|Win32
		{6FDC9841-892E-41F0-A7B2-8D4CA5F8F7AD}.Debug|Win32.ActiveCfg = Debug|Win32
		{6FDC9841-892E-41F0-A7B2-8D4CA5F8F7AD}.DebugDLL|Win32.ActiveCfg = Debug|Win32
		{6FDC9841-892E-41F0-A7B2-8D4CA5F8F7AD}.DebugDLL|Win32.Build.0 = Debug|Win32
		{6FDC9841-892E-41F0-A7B2-8D4CA5F8F7AD}.DebugDoubleDLL|Win32.ActiveCfg = Debug|Win32
		{6FDC9841-892E-41F0-A7B2-8D4CA5F8F7AD}.DebugDoubleLib|Win32.ActiveCfg = Debug|Win32
		{6FDC9841-892E-41F0-A7B2-8D4CA5F8F7AD}.DebugSingleDLL|Win32.ActiveCfg = Debug|Win32
		{6FDC9841-892E-41F0-A7B2-8D4CA5F8F7AD}.DebugSingleLib|Win32.ActiveCfg = Debug|Win32
		{6FDC9841-892E-41F0-A7B2-8D4CA5F8F7AD}.Release|Win32.ActiveCfg = Release|Win32
		{6FDC9841-892E-41F0-A7B2-8D4CA5F8F7AD}.ReleaseDLL|Win32.ActiveCfg = Release|Win32
		{6FDC9841-892E-41F0-A7B2-8D4CA5F8F7AD}.ReleaseDLL|Win32.Build.0 = Release|Win32
		{6FDC9841-892E-41F0-A7B2-8D4CA5F8F7AD}.ReleaseDoubleDLL|Win32.ActiveCfg = Release|Win32
		{6FDC9841-892E-41F0-A7B2-8D4CA5F8F7AD}.ReleaseDoubleLib|Win32.ActiveCfg = Release|Win32
		{6FDC9841-892E-41F0-A7B2-8D4CA5F8F7AD}.ReleaseSingleDLL|Win32.ActiveCfg = Release|Win32
		{6FDC9841-892E-41F0-A7B2-8D4CA5F8F7AD}.ReleaseSingleLib|Win32.ActiveCfg = Release|Win32
		{F1E30172-634A-467D-8CE7-C86B8603AD64}.Debug|Win32.ActiveCfg = DebugDLL|Win32
		{F1E30172-634A-467D-8CE7-C86B8603AD64}.Debug|Win32.Build.0 = DebugDLL|Win32
		{F1E30172-634A-467D-8CE7-C86B8603AD64}.DebugDLL|Win32.ActiveCfg = DebugDLL|Win32
		{F1E30172-634A-467D-8CE7-C86B8603AD64}.DebugDLL|Win32.Build.0 = DebugDLL|Win32
		{F1E30172-634A-467D-8CE7-C86B8603AD64}.DebugDoubleDLL|Win32.ActiveCfg = DebugDLL|Win32
		{F1E30172-634A-467D-8CE7-C86B8603AD64}.DebugDoubleDLL|Win32.Build.0 = DebugDLL|Win32
		{F1E30172-634A-467D-8CE7-C86B8603AD64}.DebugDoubleLib|Win32.ActiveCfg = DebugDLL|Win32
		{F1E30172-634A-467D-8CE7-C86B8603AD64}.DebugDoubleLib|Win32.Build.0 = DebugDLL|Win32
		{F1E30172-634A-467D-8CE7-C86B8603AD64}.DebugSingleDLL|Win32.ActiveCfg = DebugDLL|Win32
		{F1E30172-634A-467D-8CE7-C86B8603AD64}.DebugSingleDLL|Win32.Build.0 = DebugDLL|Win32
		{F1E30172-634A-467D-8CE7-C86B8603AD64}.DebugSingleLib|Win32.ActiveCfg = DebugDLL|Win32
		{F1E30172-634A-467D-8CE7-C86B8603AD64}.DebugSingleLib|Win32.Build.0 = DebugDLL|Win32
		{F1E30172-634A-467D-8CE7-C86B8603AD64}.Release|Win32.ActiveCfg = ReleaseDLL|Win32
		{F1E30172-634A-467D-8CE7-C86B8603AD64}.Release|Win32.Build.0 = ReleaseDLL|Win32
		{F1E30172-634A-467D-8CE7-C86B8603AD64}.ReleaseDLL|Win32.ActiveCfg = ReleaseDLL|Win32
		{F1E30172-634A-467D-8CE7-C86B8603AD64}.ReleaseDLL|Win32.Build.0 = ReleaseDLL|Win32
		{F1E30172-634A-467D-8CE7-C86B8603AD64}.ReleaseDoubleDLL|Win32.ActiveCfg = ReleaseDLL|Win32
		{F1E30172-634A-467D-8CE7-C86B8603AD64}.ReleaseDoubleDLL|Win32.Build.0 = ReleaseDLL|Win32
		{F1E30172-634A-467D-8CE7-C86B8603AD64}.ReleaseDoubleLib|Win32.ActiveCfg = ReleaseDLL|Win32
		{F1E30172-634A-467D-8CE7-C86B8603AD64}.ReleaseDoubleLib|Win32.Build.0 = ReleaseDLL|Win32
		{F1E30172-634A-467D-8CE7-C86B8603AD64}.ReleaseSingleDLL|Win32.ActiveCfg = ReleaseDLL|Win32
		{F1E30172-634A-467D-8CE7-C86B8603AD64}.ReleaseSingleDLL|Win32.Build.0 = ReleaseDLL|Win32
		{F1E30172-634A-467D-8CE7-C86B8603AD64}.ReleaseSingleLib|Win32.ActiveCfg = ReleaseDLL|Win32
		{F1E30172-634A-467D-8CE7-C86B8603AD64}.ReleaseSingleLib|Win32.Build.0 = ReleaseDLL|Win32
		{D9A032E3-B446-48C3-9670-929D26DA888D}.Debug|Win32.ActiveCfg = Debug|Win32
		{D9A032E3-B446-48C3-9670-929D26DA888D}.Debug|Win32.Build.0 = Debug|Win32
		{D9A032E3-B446-48C3-9670-929D26DA888D}.DebugDLL|Win32.ActiveCfg = Debug|Win32
		{D9A032E3-B446-48C3-9670-929D26DA888D}.DebugDLL|Win32.Build.0 = Debug|Win32
		{D9A032E3-B446-48C3-9670-929D26DA888D}.DebugDoubleDLL|Win32.ActiveCfg = Debug|Win32
		{D9A032E3-B446-48C3-9670-929D26DA888D}.DebugDoubleDLL|Win32.Build.0 = Debug|Win32
		{D9A032E3-B446-48C3-9670-929D26DA888D}.DebugDoubleLib|Win32.ActiveCfg = Debug|Win32
		{D9A032E3-B446-48C3-9670-929D26DA888D}.DebugDoubleLib|Win32.Build.0 = Debug|Win32
		{D9A032E3-B446-48C3-9670-929D26DA888D}.DebugSingleDLL|Win32.ActiveCfg = Debug|Win32
		{D9A032E3-B446-48C3-9670-929D26DA888D}.DebugSingleDLL|Win32.Build.0 = Debug|Win32
		{D9A032E3-B446-48C3-9670-929D26DA888D}.DebugSingleLib|Win32.ActiveCfg = Debug|Win32
		{D9A032E3-B446-48C3-9670-929D26DA888D}.DebugSingleLib|Win32.Build.0 = Debug|Win32
		{D9A032E3-B446-48C3-9670-929D26DA888D}.Release|Win32.ActiveCfg = Release|Win32
		{D9A032E3-B446-48C3-9670-929D26DA888D}.Release|Win32.Build.0 = Release|Win32
		{D9A032E3-B446-48C3-9670-929D26DA888D}.ReleaseDLL|Win32.ActiveCfg = Release|Win32
		{D9A032E3-B446-48C3-9670-929D26DA888D}.ReleaseDLL|Win32.Build.0 = Release|Win32
		{D9A032E3-B446-48C3-9670-929D26DA888D}.ReleaseDoubleDLL|Win32.ActiveCfg = Release|Win32
		{D9A032E3-B446-48C3-9670-929D26DA888D}.ReleaseDoubleDLL|Win32.Build.0 = Release|Win32
		{D9A032E3-B446-48C3-9670-929D26DA888D}.ReleaseDoubleLib|Win32.ActiveCfg = Release|Win32
		{D9A032E3-B446-48C3-9670-929D26DA888D}.ReleaseDoubleLib|Win32.Build.0 = Release|Win32
		{D9A032E3-B446-48C3-9670-929D26DA888D}.ReleaseSingleDLL|Win32.ActiveCfg = Release|Win32
		{D9A032E3-B446-48C3-9670-929D26DA888D}.ReleaseSingleDLL|Win32.Build.0 = Release|Win32
		{D9A032E3-B446-48C3-9670-929D26DA888D}.ReleaseSingleLib|Win32.ActiveCfg = Release|Win32
		{D9A032E3-B446-48C3-9670-929D26DA888D}.ReleaseSingleLib|Win32.Build.0 = Release|Win32
	EndGlobalSection
	GlobalSection(SolutionProperties) = preSolution
		HideSolutionNode = FALSE
	EndGlobalSection
EndGlobal
