
Microsoft Visual Studio Solution File, Format Version 10.00
# Visual Studio 2008
Project("{8BC9CEB8-8B4A-11D0-8D11-00A0C91BC942}") = "NodeViewer", "NodeViewer\NodeViewer.vcproj", "{4AB54B20-CEF8-4218-91D3-137070C0C577}"
	ProjectSection(ProjectDependencies) = postProject
		{8FD2D266-F50A-43DE-8DF8-EFACCE93F770} = {8FD2D266-F50A-43DE-8DF8-EFACCE93F770}
	EndProjectSection
EndProject
Project("{8BC9CEB8-8B4A-11D0-8D11-00A0C91BC942}") = "Aran", "Aran\Aran.2005.vcproj", "{8FD2D266-F50A-43DE-8DF8-EFACCE93F770}"
EndProject
Global
	GlobalSection(SolutionConfigurationPlatforms) = preSolution
		DebugLib|Win32 = DebugLib|Win32
		ReleaseLib|Win32 = ReleaseLib|Win32
	EndGlobalSection
	GlobalSection(ProjectConfigurationPlatforms) = postSolution
		{4AB54B20-CEF8-4218-91D3-137070C0C577}.DebugLib|Win32.ActiveCfg = Debug|Win32
		{4AB54B20-CEF8-4218-91D3-137070C0C577}.DebugLib|Win32.Build.0 = Debug|Win32
		{4AB54B20-CEF8-4218-91D3-137070C0C577}.ReleaseLib|Win32.ActiveCfg = Release|Win32
		{4AB54B20-CEF8-4218-91D3-137070C0C577}.ReleaseLib|Win32.Build.0 = Release|Win32
		{8FD2D266-F50A-43DE-8DF8-EFACCE93F770}.DebugLib|Win32.ActiveCfg = DebugLib|Win32
		{8FD2D266-F50A-43DE-8DF8-EFACCE93F770}.DebugLib|Win32.Build.0 = DebugLib|Win32
		{8FD2D266-F50A-43DE-8DF8-EFACCE93F770}.ReleaseLib|Win32.ActiveCfg = ReleaseLib|Win32
		{8FD2D266-F50A-43DE-8DF8-EFACCE93F770}.ReleaseLib|Win32.Build.0 = ReleaseLib|Win32
	EndGlobalSection
	GlobalSection(SolutionProperties) = preSolution
		HideSolutionNode = FALSE
	EndGlobalSection
EndGlobal
