<?xml version="1.0" encoding="UTF-8" standalone="yes" ?>
<CodeBlocks_project_file>
	<FileVersion major="1" minor="6" />
	<Project>
		<Option title="pymuscle" />
		<Option pch_mode="2" />
		<Option compiler="gcc" />
		<Build>
			<Target title="Debug">
				<Option output="bin/Debug/pymuscle" prefix_auto="1" extension_auto="1" />
				<Option object_output="obj/Debug/" />
				<Option external_deps="/media/vm/devel/aran/pymuscle/bin/Debug/libsimcore_debug.so;/media/vm/devel/aran/pymuscle/bin/Release/libsimcore_release.so;" />
				<Option type="1" />
				<Option compiler="gcc" />
				<Option parameters="MosekMultiRbMultiFibers3D.conf" />
				<Compiler>
					<Add option="-Wall" />
					<Add option="-g" />
				</Compiler>
				<Linker>
					<Add library="simcore_debug" />
					<Add directory="/media/vm/devel/aran/pymuscle/bin/Debug" />
				</Linker>
			</Target>
			<Target title="Release">
				<Option output="bin/Release/pymuscle" prefix_auto="1" extension_auto="1" />
				<Option object_output="obj/Release/" />
				<Option external_deps="/media/vm/devel/aran/pymuscle/bin/Release/libsimcore_release.so;" />
				<Option type="1" />
				<Option compiler="gcc" />
				<Compiler>
					<Add option="-march=core2" />
					<Add option="-fexpensive-optimizations" />
					<Add option="-O3" />
					<Add option="-floop-interchange" />
				</Compiler>
				<Linker>
					<Add option="-s" />
					<Add library="simcore_release" />
					<Add directory="/media/vm/devel/aran/pymuscle/bin/Release" />
				</Linker>
			</Target>
		</Build>
		<Compiler>
			<Add option="-Wall" />
			<Add option="-fPIC" />
			<Add directory="/home/johnu/src/include" />
			<Add directory="/home/johnu/src/CHOLMOD/Include" />
		</Compiler>
		<Linker>
			<Add library="config" />
			<Add library="umfpack" />
			<Add directory="/home/johnu/src/lib" />
			<Add directory="/home/johnu/src/lib/atlas/lib" />
			<Add directory="/home/johnu/src/blas" />
		</Linker>
		<Unit filename="FiberMain.c">
			<Option compilerVar="CC" />
		</Unit>
		<Extensions>
			<code_completion />
			<debugger />
			<envvars />
		</Extensions>
	</Project>
</CodeBlocks_project_file>
